
Microsoft Visual Studio Solution File, Format Version 12.00
# Visual Studio Version 17
VisualStudioVersion = 17.2.32616.157
MinimumVisualStudioVersion = 10.0.40219.1
Project("{FAE04EC0-301F-11D3-BF4B-00C04F79EFBC}") = "Time", "Time\Time.csproj", "{FC0EE921-EB00-415D-9933-7E7B3805EAC6}"
EndProject
Global
	GlobalSection(SolutionConfigurationPlatforms) = preSolution
		Debug|Any CPU = Debug|Any CPU
		Release|Any CPU = Release|Any CPU
	EndGlobalSection
	GlobalSection(ProjectConfigurationPlatforms) = postSolution
		{FC0EE921-EB00-415D-9933-7E7B3805EAC6}.Debug|Any CPU.ActiveCfg = Debug|Any CPU
		{FC0EE921-EB00-415D-9933-7E7B3805EAC6}.Debug|Any CPU.Build.0 = Debug|Any CPU
		{FC0EE921-EB00-415D-9933-7E7B3805EAC6}.Release|Any CPU.ActiveCfg = Release|Any CPU
		{FC0EE921-EB00-415D-9933-7E7B3805EAC6}.Release|Any CPU.Build.0 = Release|Any CPU
	EndGlobalSection
	GlobalSection(SolutionProperties) = preSolution
		HideSolutionNode = FALSE
	EndGlobalSection
	GlobalSection(ExtensibilityGlobals) = postSolution
		SolutionGuid = {1B5992EA-2B46-410D-8EF9-70EB0DA07AD9}
	EndGlobalSection
EndGlobal
